
Microsoft Visual Studio Solution File, Format Version 12.00
# Visual Studio 15
Project("{FAE04EC0-301F-11D3-BF4B-00C04F79EFBC}") = "Assembly-CSharp", "Assembly-CSharp.csproj", "{AB1DEF42-6700-48B0-7021-0992F7ECF12F}"
EndProject
Global
	GlobalSection(SolutionConfigurationPlatforms) = preSolution
		Debug|Any CPU = Debug|Any CPU
		Release|Any CPU = Release|Any CPU
	EndGlobalSection
	GlobalSection(ProjectConfigurationPlatforms) = postSolution
		{AB1DEF42-6700-48B0-7021-0992F7ECF12F}.Debug|Any CPU.ActiveCfg = Debug|Any CPU
		{AB1DEF42-6700-48B0-7021-0992F7ECF12F}.Debug|Any CPU.Build.0 = Debug|Any CPU
		{AB1DEF42-6700-48B0-7021-0992F7ECF12F}.Release|Any CPU.ActiveCfg = Release|Any CPU
		{AB1DEF42-6700-48B0-7021-0992F7ECF12F}.Release|Any CPU.Build.0 = Release|Any CPU
	EndGlobalSection
	GlobalSection(SolutionProperties) = preSolution
		HideSolutionNode = FALSE
	EndGlobalSection
EndGlobal
